
Microsoft Visual Studio Solution File, Format Version 12.00
# Visual Studio 15
VisualStudioVersion = 15.0.27130.2010
MinimumVisualStudioVersion = 10.0.40219.1
Project("{FAE04EC0-301F-11D3-BF4B-00C04F79EFBC}") = "ChallengeEpicSpiesAssetTracker", "ChallengeEpicSpiesAssetTracker\ChallengeEpicSpiesAssetTracker.csproj", "{8913F4A2-0FF3-4BFD-B766-A64E345F383F}"
EndProject
Global
	GlobalSection(SolutionConfigurationPlatforms) = preSolution
		Debug|Any CPU = Debug|Any CPU
		Release|Any CPU = Release|Any CPU
	EndGlobalSection
	GlobalSection(ProjectConfigurationPlatforms) = postSolution
		{8913F4A2-0FF3-4BFD-B766-A64E345F383F}.Debug|Any CPU.ActiveCfg = Debug|Any CPU
		{8913F4A2-0FF3-4BFD-B766-A64E345F383F}.Debug|Any CPU.Build.0 = Debug|Any CPU
		{8913F4A2-0FF3-4BFD-B766-A64E345F383F}.Release|Any CPU.ActiveCfg = Release|Any CPU
		{8913F4A2-0FF3-4BFD-B766-A64E345F383F}.Release|Any CPU.Build.0 = Release|Any CPU
	EndGlobalSection
	GlobalSection(SolutionProperties) = preSolution
		HideSolutionNode = FALSE
	EndGlobalSection
	GlobalSection(ExtensibilityGlobals) = postSolution
		SolutionGuid = {27DB13D2-4364-44A8-B5C3-79E62AD949B8}
	EndGlobalSection
EndGlobal
